// !$*UTF8*$!
{
	archiveVersion = 1;
	classes = {
	};
	objectVersion = 46;
	objects = {

/* Begin PBXBuildFile section */
		ADE40DCA1CBB89500039B925 /* main.m in Sources */ = {isa = PBXBuildFile; fileRef = ADE40DC91CBB89500039B925 /* main.m */; };
		ADE40DCD1CBB89500039B925 /* AppDelegate.m in Sources */ = {isa = PBXBuildFile; fileRef = ADE40DCC1CBB89500039B925 /* AppDelegate.m */; };
		ADE40DD01CBB89500039B925 /* ViewController.m in Sources */ = {isa = PBXBuildFile; fileRef = ADE40DCF1CBB89500039B925 /* ViewController.m */; };
		ADE40DD31CBB89510039B925 /* Main.storyboard in Resources */ = {isa = PBXBuildFile; fileRef = ADE40DD11CBB89510039B925 /* Main.storyboard */; };
		ADE40DD51CBB89510039B925 /* Assets.xcassets in Resources */ = {isa = PBXBuildFile; fileRef = ADE40DD41CBB89510039B925 /* Assets.xcassets */; };
		ADE40DD81CBB89510039B925 /* LaunchScreen.storyboard in Resources */ = {isa = PBXBuildFile; fileRef = ADE40DD61CBB89510039B925 /* LaunchScreen.storyboard */; };
		ADE40DE81CBB89EA0039B925 /* log1o.png in Resources */ = {isa = PBXBuildFile; fileRef = ADE40DE01CBB89EA0039B925 /* log1o.png */; };
		ADE40DE91CBB89EA0039B925 /* SafeKBInputView.m in Sources */ = {isa = PBXBuildFile; fileRef = ADE40DE31CBB89EA0039B925 /* SafeKBInputView.m */; };
		ADE40DEA1CBB89EA0039B925 /* SafeKeyboard.m in Sources */ = {isa = PBXBuildFile; fileRef = ADE40DE51CBB89EA0039B925 /* SafeKeyboard.m */; };
		ADE40DEB1CBB89EA0039B925 /* SafeTextField.m in Sources */ = {isa = PBXBuildFile; fileRef = ADE40DE71CBB89EA0039B925 /* SafeTextField.m */; };
		ADE40DED1CBB89F70039B925 /* JavaScriptCore.framework in Frameworks */ = {isa = PBXBuildFile; fileRef = ADE40DEC1CBB89F70039B925 /* JavaScriptCore.framework */; };
		ADE40DF91CBB8A7B0039B925 /* JsObjCModel.m in Sources */ = {isa = PBXBuildFile; fileRef = ADE40DF71CBB8A7B0039B925 /* JsObjCModel.m */; };
		ADE40DFA1CBB8A7B0039B925 /* test.html in Resources */ = {isa = PBXBuildFile; fileRef = ADE40DF81CBB8A7B0039B925 /* test.html */; };
/* End PBXBuildFile section */

/* Begin PBXFileReference section */
		ADE40DC51CBB89500039B925 /* WebKeyboardDemo.app */ = {isa = PBXFileReference; explicitFileType = wrapper.application; includeInIndex = 0; path = WebKeyboardDemo.app; sourceTree = BUILT_PRODUCTS_DIR; };
		ADE40DC91CBB89500039B925 /* main.m */ = {isa = PBXFileReference; lastKnownFileType = sourcecode.c.objc; path = main.m; sourceTree = "<group>"; };
		ADE40DCB1CBB89500039B925 /* AppDelegate.h */ = {isa = PBXFileReference; lastKnownFileType = sourcecode.c.h; path = AppDelegate.h; sourceTree = "<group>"; };
		ADE40DCC1CBB89500039B925 /* AppDelegate.m */ = {isa = PBXFileReference; lastKnownFileType = sourcecode.c.objc; path = AppDelegate.m; sourceTree = "<group>"; };
		ADE40DCE1CBB89500039B925 /* ViewController.h */ = {isa = PBXFileReference; lastKnownFileType = sourcecode.c.h; path = ViewController.h; sourceTree = "<group>"; };
		ADE40DCF1CBB89500039B925 /* ViewController.m */ = {isa = PBXFileReference; lastKnownFileType = sourcecode.c.objc; path = ViewController.m; sourceTree = "<group>"; };
		ADE40DD21CBB89510039B925 /* Base */ = {isa = PBXFileReference; lastKnownFileType = file.storyboard; name = Base; path = Base.lproj/Main.storyboard; sourceTree = "<group>"; };
		ADE40DD41CBB89510039B925 /* Assets.xcassets */ = {isa = PBXFileReference; lastKnownFileType = folder.assetcatalog; path = Assets.xcassets; sourceTree = "<group>"; };
		ADE40DD71CBB89510039B925 /* Base */ = {isa = PBXFileReference; lastKnownFileType = file.storyboard; name = Base; path = Base.lproj/LaunchScreen.storyboard; sourceTree = "<group>"; };
		ADE40DD91CBB89510039B925 /* Info.plist */ = {isa = PBXFileReference; lastKnownFileType = text.plist.xml; path = Info.plist; sourceTree = "<group>"; };
		ADE40DE01CBB89EA0039B925 /* log1o.png */ = {isa = PBXFileReference; lastKnownFileType = image.png; path = log1o.png; sourceTree = "<group>"; };
		ADE40DE21CBB89EA0039B925 /* SafeKBInputView.h */ = {isa = PBXFileReference; fileEncoding = 4; lastKnownFileType = sourcecode.c.h; path = SafeKBInputView.h; sourceTree = "<group>"; };
		ADE40DE31CBB89EA0039B925 /* SafeKBInputView.m */ = {isa = PBXFileReference; fileEncoding = 4; lastKnownFileType = sourcecode.c.objc; path = SafeKBInputView.m; sourceTree = "<group>"; };
		ADE40DE41CBB89EA0039B925 /* SafeKeyboard.h */ = {isa = PBXFileReference; fileEncoding = 4; lastKnownFileType = sourcecode.c.h; path = SafeKeyboard.h; sourceTree = "<group>"; };
		ADE40DE51CBB89EA0039B925 /* SafeKeyboard.m */ = {isa = PBXFileReference; fileEncoding = 4; lastKnownFileType = sourcecode.c.objc; path = SafeKeyboard.m; sourceTree = "<group>"; };
		ADE40DE61CBB89EA0039B925 /* SafeTextField.h */ = {isa = PBXFileReference; fileEncoding = 4; lastKnownFileType = sourcecode.c.h; path = SafeTextField.h; sourceTree = "<group>"; };
		ADE40DE71CBB89EA0039B925 /* SafeTextField.m */ = {isa = PBXFileReference; fileEncoding = 4; lastKnownFileType = sourcecode.c.objc; path = SafeTextField.m; sourceTree = "<group>"; };
		ADE40DEC1CBB89F70039B925 /* JavaScriptCore.framework */ = {isa = PBXFileReference; lastKnownFileType = wrapper.framework; name = JavaScriptCore.framework; path = System/Library/Frameworks/JavaScriptCore.framework; sourceTree = SDKROOT; };
		ADE40DF51CBB8A7B0039B925 /* JavaScriptObjectiveCDelegate.h */ = {isa = PBXFileReference; fileEncoding = 4; lastKnownFileType = sourcecode.c.h; path = JavaScriptObjectiveCDelegate.h; sourceTree = "<group>"; };
		ADE40DF61CBB8A7B0039B925 /* JsObjCModel.h */ = {isa = PBXFileReference; fileEncoding = 4; lastKnownFileType = sourcecode.c.h; path = JsObjCModel.h; sourceTree = "<group>"; };
		ADE40DF71CBB8A7B0039B925 /* JsObjCModel.m */ = {isa = PBXFileReference; fileEncoding = 4; lastKnownFileType = sourcecode.c.objc; path = JsObjCModel.m; sourceTree = "<group>"; };
		ADE40DF81CBB8A7B0039B925 /* test.html */ = {isa = PBXFileReference; fileEncoding = 4; lastKnownFileType = text.html; path = test.html; sourceTree = "<group>"; };
/* End PBXFileReference section */

/* Begin PBXFrameworksBuildPhase section */
		ADE40DC21CBB89500039B925 /* Frameworks */ = {
			isa = PBXFrameworksBuildPhase;
			buildActionMask = 2147483647;
			files = (
				ADE40DED1CBB89F70039B925 /* JavaScriptCore.framework in Frameworks */,
			);
			runOnlyForDeploymentPostprocessing = 0;
		};
/* End PBXFrameworksBuildPhase section */

/* Begin PBXGroup section */
		ADE40DBC1CBB89500039B925 = {
			isa = PBXGroup;
			children = (
				ADE40DC71CBB89500039B925 /* keyboardDemo */,
				ADE40DC61CBB89500039B925 /* Products */,
			);
			sourceTree = "<group>";
		};
		ADE40DC61CBB89500039B925 /* Products */ = {
			isa = PBXGroup;
			children = (
				ADE40DC51CBB89500039B925 /* WebKeyboardDemo.app */,
			);
			name = Products;
			sourceTree = "<group>";
		};
		ADE40DC71CBB89500039B925 /* keyboardDemo */ = {
			isa = PBXGroup;
			children = (
				ADE40DDF1CBB89EA0039B925 /* Safekeyboard */,
				ADE40DCB1CBB89500039B925 /* AppDelegate.h */,
				ADE40DCC1CBB89500039B925 /* AppDelegate.m */,
				ADE40DCE1CBB89500039B925 /* ViewController.h */,
				ADE40DCF1CBB89500039B925 /* ViewController.m */,
				ADE40DF41CBB8A7B0039B925 /* web */,
				ADE40DD11CBB89510039B925 /* Main.storyboard */,
				ADE40DD41CBB89510039B925 /* Assets.xcassets */,
				ADE40DD61CBB89510039B925 /* LaunchScreen.storyboard */,
				ADE40DD91CBB89510039B925 /* Info.plist */,
				ADE40DEC1CBB89F70039B925 /* JavaScriptCore.framework */,
				ADE40DC81CBB89500039B925 /* Supporting Files */,
			);
			path = keyboardDemo;
			sourceTree = "<group>";
		};
		ADE40DC81CBB89500039B925 /* Supporting Files */ = {
			isa = PBXGroup;
			children = (
				ADE40DC91CBB89500039B925 /* main.m */,
			);
			name = "Supporting Files";
			sourceTree = "<group>";
		};
		ADE40DDF1CBB89EA0039B925 /* Safekeyboard */ = {
			isa = PBXGroup;
			children = (
				ADE40DE01CBB89EA0039B925 /* log1o.png */,
				ADE40DE11CBB89EA0039B925 /* SafeKBInputView */,
				ADE40DE41CBB89EA0039B925 /* SafeKeyboard.h */,
				ADE40DE51CBB89EA0039B925 /* SafeKeyboard.m */,
				ADE40DE61CBB89EA0039B925 /* SafeTextField.h */,
				ADE40DE71CBB89EA0039B925 /* SafeTextField.m */,
			);
			path = Safekeyboard;
			sourceTree = "<group>";
		};
		ADE40DE11CBB89EA0039B925 /* SafeKBInputView */ = {
			isa = PBXGroup;
			children = (
				ADE40DE21CBB89EA0039B925 /* SafeKBInputView.h */,
				ADE40DE31CBB89EA0039B925 /* SafeKBInputView.m */,
			);
			path = SafeKBInputView;
			sourceTree = "<group>";
		};
		ADE40DF41CBB8A7B0039B925 /* web */ = {
			isa = PBXGroup;
			children = (
				ADE40DF51CBB8A7B0039B925 /* JavaScriptObjectiveCDelegate.h */,
				ADE40DF61CBB8A7B0039B925 /* JsObjCModel.h */,
				ADE40DF71CBB8A7B0039B925 /* JsObjCModel.m */,
				ADE40DF81CBB8A7B0039B925 /* test.html */,
			);
			path = web;
			sourceTree = "<group>";
		};
/* End PBXGroup section */

/* Begin PBXNativeTarget section */
		ADE40DC41CBB89500039B925 /* WebKeyboardDemo */ = {
			isa = PBXNativeTarget;
			buildConfigurationList = ADE40DDC1CBB89510039B925 /* Build configuration list for PBXNativeTarget "WebKeyboardDemo" */;
			buildPhases = (
				ADE40DC11CBB89500039B925 /* Sources */,
				ADE40DC21CBB89500039B925 /* Frameworks */,
				ADE40DC31CBB89500039B925 /* Resources */,
			);
			buildRules = (
			);
			dependencies = (
			);
			name = WebKeyboardDemo;
			productName = keyboardDemo;
			productReference = ADE40DC51CBB89500039B925 /* WebKeyboardDemo.app */;
			productType = "com.apple.product-type.application";
		};
/* End PBXNativeTarget section */

/* Begin PBXProject section */
		ADE40DBD1CBB89500039B925 /* Project object */ = {
			isa = PBXProject;
			attributes = {
				LastUpgradeCheck = 0720;
				ORGANIZATIONNAME = "谈Xx";
				TargetAttributes = {
					ADE40DC41CBB89500039B925 = {
						CreatedOnToolsVersion = 7.2.1;
					};
				};
			};
			buildConfigurationList = ADE40DC01CBB89500039B925 /* Build configuration list for PBXProject "WebKeyboardDemo" */;
			compatibilityVersion = "Xcode 3.2";
			developmentRegion = English;
			hasScannedForEncodings = 0;
			knownRegions = (
				en,
				Base,
			);
			mainGroup = ADE40DBC1CBB89500039B925;
			productRefGroup = ADE40DC61CBB89500039B925 /* Products */;
			projectDirPath = "";
			projectRoot = "";
			targets = (
				ADE40DC41CBB89500039B925 /* WebKeyboardDemo */,
			);
		};
/* End PBXProject section */

/* Begin PBXResourcesBuildPhase section */
		ADE40DC31CBB89500039B925 /* Resources */ = {
			isa = PBXResourcesBuildPhase;
			buildActionMask = 2147483647;
			files = (
				ADE40DD81CBB89510039B925 /* LaunchScreen.storyboard in Resources */,
				ADE40DD51CBB89510039B925 /* Assets.xcassets in Resources */,
				ADE40DFA1CBB8A7B0039B925 /* test.html in Resources */,
				ADE40DE81CBB89EA0039B925 /* log1o.png in Resources */,
				ADE40DD31CBB89510039B925 /* Main.storyboard in Resources */,
			);
			runOnlyForDeploymentPostprocessing = 0;
		};
/* End PBXResourcesBuildPhase section */

/* Begin PBXSourcesBuildPhase section */
		ADE40DC11CBB89500039B925 /* Sources */ = {
			isa = PBXSourcesBuildPhase;
			buildActionMask = 2147483647;
			files = (
				ADE40DD01CBB89500039B925 /* ViewController.m in Sources */,
				ADE40DCD1CBB89500039B925 /* AppDelegate.m in Sources */,
				ADE40DEA1CBB89EA0039B925 /* SafeKeyboard.m in Sources */,
				ADE40DF91CBB8A7B0039B925 /* JsObjCModel.m in Sources */,
				ADE40DCA1CBB89500039B925 /* main.m in Sources */,
				ADE40DEB1CBB89EA0039B925 /* SafeTextField.m in Sources */,
				ADE40DE91CBB89EA0039B925 /* SafeKBInputView.m in Sources */,
			);
			runOnlyForDeploymentPostprocessing = 0;
		};
/* End PBXSourcesBuildPhase section */

/* Begin PBXVariantGroup section */
		ADE40DD11CBB89510039B925 /* Main.storyboard */ = {
			isa = PBXVariantGroup;
			children = (
				ADE40DD21CBB89510039B925 /* Base */,
			);
			name = Main.storyboard;
			sourceTree = "<group>";
		};
		ADE40DD61CBB89510039B925 /* LaunchScreen.storyboard */ = {
			isa = PBXVariantGroup;
			children = (
				ADE40DD71CBB89510039B925 /* Base */,
			);
			name = LaunchScreen.storyboard;
			sourceTree = "<group>";
		};
/* End PBXVariantGroup section */

/* Begin XCBuildConfiguration section */
		ADE40DDA1CBB89510039B925 /* Debug */ = {
			isa = XCBuildConfiguration;
			buildSettings = {
				ALWAYS_SEARCH_USER_PATHS = NO;
				CLANG_CXX_LANGUAGE_STANDARD = "gnu++0x";
				CLANG_CXX_LIBRARY = "libc++";
				CLANG_ENABLE_MODULES = YES;
				CLANG_ENABLE_OBJC_ARC = YES;
				CLANG_WARN_BOOL_CONVERSION = YES;
				CLANG_WARN_CONSTANT_CONVERSION = YES;
				CLANG_WARN_DIRECT_OBJC_ISA_USAGE = YES_ERROR;
				CLANG_WARN_EMPTY_BODY = YES;
				CLANG_WARN_ENUM_CONVERSION = YES;
				CLANG_WARN_INT_CONVERSION = YES;
				CLANG_WARN_OBJC_ROOT_CLASS = YES_ERROR;
				CLANG_WARN_UNREACHABLE_CODE = YES;
				CLANG_WARN__DUPLICATE_METHOD_MATCH = YES;
				"CODE_SIGN_IDENTITY[sdk=iphoneos*]" = "iPhone Developer";
				COPY_PHASE_STRIP = NO;
				DEBUG_INFORMATION_FORMAT = dwarf;
				ENABLE_STRICT_OBJC_MSGSEND = YES;
				ENABLE_TESTABILITY = YES;
				GCC_C_LANGUAGE_STANDARD = gnu99;
				GCC_DYNAMIC_NO_PIC = NO;
				GCC_NO_COMMON_BLOCKS = YES;
				GCC_OPTIMIZATION_LEVEL = 0;
				GCC_PREPROCESSOR_DEFINITIONS = (
					"DEBUG=1",
					"$(inherited)",
				);
				GCC_WARN_64_TO_32_BIT_CONVERSION = YES;
				GCC_WARN_ABOUT_RETURN_TYPE = YES_ERROR;
				GCC_WARN_UNDECLARED_SELECTOR = YES;
				GCC_WARN_UNINITIALIZED_AUTOS = YES_AGGRESSIVE;
				GCC_WARN_UNUSED_FUNCTION = YES;
				GCC_WARN_UNUSED_VARIABLE = YES;
				IPHONEOS_DEPLOYMENT_TARGET = 9.2;
				MTL_ENABLE_DEBUG_INFO = YES;
				ONLY_ACTIVE_ARCH = YES;
				SDKROOT = iphoneos;
			};
			name = Debug;
		};
		ADE40DDB1CBB89510039B925 /* Release */ = {
			isa = XCBuildConfiguration;
			buildSettings = {
				ALWAYS_SEARCH_USER_PATHS = NO;
				CLANG_CXX_LANGUAGE_STANDARD = "gnu++0x";
				CLANG_CXX_LIBRARY = "libc++";
				CLANG_ENABLE_MODULES = YES;
				CLANG_ENABLE_OBJC_ARC = YES;
				CLANG_WARN_BOOL_CONVERSION = YES;
				CLANG_WARN_CONSTANT_CONVERSION = YES;
				CLANG_WARN_DIRECT_OBJC_ISA_USAGE = YES_ERROR;
				CLANG_WARN_EMPTY_BODY = YES;
				CLANG_WARN_ENUM_CONVERSION = YES;
				CLANG_WARN_INT_CONVERSION = YES;
				CLANG_WARN_OBJC_ROOT_CLASS = YES_ERROR;
				CLANG_WARN_UNREACHABLE_CODE = YES;
				CLANG_WARN__DUPLICATE_METHOD_MATCH = YES;
				"CODE_SIGN_IDENTITY[sdk=iphoneos*]" = "iPhone Developer";
				COPY_PHASE_STRIP = NO;
				DEBUG_INFORMATION_FORMAT = "dwarf-with-dsym";
				ENABLE_NS_ASSERTIONS = NO;
				ENABLE_STRICT_OBJC_MSGSEND = YES;
				GCC_C_LANGUAGE_STANDARD = gnu99;
				GCC_NO_COMMON_BLOCKS = YES;
				GCC_WARN_64_TO_32_BIT_CONVERSION = YES;
				GCC_WARN_ABOUT_RETURN_TYPE = YES_ERROR;
				GCC_WARN_UNDECLARED_SELECTOR = YES;
				GCC_WARN_UNINITIALIZED_AUTOS = YES_AGGRESSIVE;
				GCC_WARN_UNUSED_FUNCTION = YES;
				GCC_WARN_UNUSED_VARIABLE = YES;
				IPHONEOS_DEPLOYMENT_TARGET = 9.2;
				MTL_ENABLE_DEBUG_INFO = NO;
				SDKROOT = iphoneos;
				VALIDATE_PRODUCT = YES;
			};
			name = Release;
		};
		ADE40DDD1CBB89510039B925 /* Debug */ = {
			isa = XCBuildConfiguration;
			buildSettings = {
				ASSETCATALOG_COMPILER_APPICON_NAME = AppIcon;
				INFOPLIST_FILE = keyboardDemo/Info.plist;
				LD_RUNPATH_SEARCH_PATHS = "$(inherited) @executable_path/Frameworks";
				PRODUCT_BUNDLE_IDENTIFIER = Tan.keyboardDemo;
				PRODUCT_NAME = WebKeyboardDemo;
			};
			name = Debug;
		};
		ADE40DDE1CBB89510039B925 /* Release */ = {
			isa = XCBuildConfiguration;
			buildSettings = {
				ASSETCATALOG_COMPILER_APPICON_NAME = AppIcon;
				INFOPLIST_FILE = keyboardDemo/Info.plist;
				LD_RUNPATH_SEARCH_PATHS = "$(inherited) @executable_path/Frameworks";
				PRODUCT_BUNDLE_IDENTIFIER = Tan.keyboardDemo;
				PRODUCT_NAME = WebKeyboardDemo;
			};
			name = Release;
		};
/* End XCBuildConfiguration section */

/* Begin XCConfigurationList section */
		ADE40DC01CBB89500039B925 /* Build configuration list for PBXProject "WebKeyboardDemo" */ = {
			isa = XCConfigurationList;
			buildConfigurations = (
				ADE40DDA1CBB89510039B925 /* Debug */,
				ADE40DDB1CBB89510039B925 /* Release */,
			);
			defaultConfigurationIsVisible = 0;
			defaultConfigurationName = Release;
		};
		ADE40DDC1CBB89510039B925 /* Build configuration list for PBXNativeTarget "WebKeyboardDemo" */ = {
			isa = XCConfigurationList;
			buildConfigurations = (
				ADE40DDD1CBB89510039B925 /* Debug */,
				ADE40DDE1CBB89510039B925 /* Release */,
			);
			defaultConfigurationIsVisible = 0;
			defaultConfigurationName = Release;
		};
/* End XCConfigurationList section */
	};
	rootObject = ADE40DBD1CBB89500039B925 /* Project object */;
}
